
Microsoft Visual Studio Solution File, Format Version 12.00
# Visual Studio Version 16
VisualStudioVersion = 16.0.32002.261
MinimumVisualStudioVersion = 10.0.40219.1
Project("{9A19103F-16F7-4668-BE54-9A1E7A4F7556}") = "R5T.T0145", "R5T.T0145\R5T.T0145.csproj", "{FE14DD09-6F20-488B-B2B1-1FD2F413BA46}"
EndProject
Project("{2150E333-8FDC-42A3-9474-1A3956D46DE8}") = "_Dependencies", "_Dependencies", "{35DCD461-0B18-47A3-9672-4B046488CCD7}"
EndProject
Project("{9A19103F-16F7-4668-BE54-9A1E7A4F7556}") = "R5T.T0142", "..\..\R5T.T0142\source\R5T.T0142\R5T.T0142.csproj", "{7B3B8795-634A-435C-894C-15EAB754E78C}"
EndProject
Global
	GlobalSection(SolutionConfigurationPlatforms) = preSolution
		Debug|Any CPU = Debug|Any CPU
		Release|Any CPU = Release|Any CPU
	EndGlobalSection
	GlobalSection(ProjectConfigurationPlatforms) = postSolution
		{FE14DD09-6F20-488B-B2B1-1FD2F413BA46}.Debug|Any CPU.ActiveCfg = Debug|Any CPU
		{FE14DD09-6F20-488B-B2B1-1FD2F413BA46}.Debug|Any CPU.Build.0 = Debug|Any CPU
		{FE14DD09-6F20-488B-B2B1-1FD2F413BA46}.Release|Any CPU.ActiveCfg = Release|Any CPU
		{FE14DD09-6F20-488B-B2B1-1FD2F413BA46}.Release|Any CPU.Build.0 = Release|Any CPU
		{7B3B8795-634A-435C-894C-15EAB754E78C}.Debug|Any CPU.ActiveCfg = Debug|Any CPU
		{7B3B8795-634A-435C-894C-15EAB754E78C}.Debug|Any CPU.Build.0 = Debug|Any CPU
		{7B3B8795-634A-435C-894C-15EAB754E78C}.Release|Any CPU.ActiveCfg = Release|Any CPU
		{7B3B8795-634A-435C-894C-15EAB754E78C}.Release|Any CPU.Build.0 = Release|Any CPU
	EndGlobalSection
	GlobalSection(SolutionProperties) = preSolution
		HideSolutionNode = FALSE
	EndGlobalSection
	GlobalSection(NestedProjects) = preSolution
		{7B3B8795-634A-435C-894C-15EAB754E78C} = {35DCD461-0B18-47A3-9672-4B046488CCD7}
	EndGlobalSection
	GlobalSection(ExtensibilityGlobals) = postSolution
		SolutionGuid = {45E02F46-8FBF-4D49-B039-322C14E31636}
	EndGlobalSection
EndGlobal
